github.com/google/uuid v1.1.1 h1:Gkbcsh/GbpXz7lPftLA3P6TYMwjCLYm83jiFQZF/3gY=
github.com/google/uuid v1.1.1/go.mod h1:TIyPZe4MgqvfeYDBFedMoGGpEw/LqOeaOT+nhxU+yHo=
github.com/mttchpmn07/PixelECS/core v0.0.0-20220212055955-833ac4de0a2e h1:1HXulCgpX7CKF7TwXpIcuHxrK3pbMIXsPLno+g/Ryd4=
github.com/mttchpmn07/PixelECS/core v0.0.0-20220212055955-833ac4de0a2e/go.mod h1:yWauVhF3B/mmYH0UrjV3SYUR87rvgj3sskkhk3JUHo0=
